// !$*UTF8*$!
{
	archiveVersion = 1;
	classes = {
	};
	objectVersion = 46;
	objects = {

/* Begin PBXBuildFile section */
		063C6BBAAC82B4BC12B73CAF /* Pods_Testing_App.framework in Frameworks */ = {isa = PBXBuildFile; fileRef = F523021A7B13BEF4BE1D2017 /* Pods_Testing_App.framework */; };
		07906407C61B2EC805DA7CD1 /* Pods_Unit_Tests.framework in Frameworks */ = {isa = PBXBuildFile; fileRef = 3F2887F33F92A3B1C4805E90 /* Pods_Unit_Tests.framework */; };
		789E6418F1EF133C82986BB2 /* Pods_UI_Tests.framework in Frameworks */ = {isa = PBXBuildFile; fileRef = CE6D7359A5B4C1A4500C7093 /* Pods_UI_Tests.framework */; };
		98BDEE8C571B7BE8657A3AB7 /* Pods_LI_Thirst.framework in Frameworks */ = {isa = PBXBuildFile; fileRef = 42BB8A2A9DC255EEDB0C150F /* Pods_LI_Thirst.framework */; };
		FB1515751E7F08EC0006C046 /* NSObject.swift in Sources */ = {isa = PBXBuildFile; fileRef = FB1515741E7F08EC0006C046 /* NSObject.swift */; };
		FB265AD31E78BF6A0056015B /* LIAPIRequest.swift in Sources */ = {isa = PBXBuildFile; fileRef = FB265AD21E78BF6A0056015B /* LIAPIRequest.swift */; };
		FB3FD7F61E777AD60004C49E /* LIMapViewController.swift in Sources */ = {isa = PBXBuildFile; fileRef = FB3FD7F41E777AD60004C49E /* LIMapViewController.swift */; };
		FB3FD7F71E777AD60004C49E /* LIMapViewController.xib in Resources */ = {isa = PBXBuildFile; fileRef = FB3FD7F51E777AD60004C49E /* LIMapViewController.xib */; };
		FB3FD7FB1E7780660004C49E /* LIVenue.swift in Sources */ = {isa = PBXBuildFile; fileRef = FB3FD7FA1E7780660004C49E /* LIVenue.swift */; };
		FB3FD7FD1E7784790004C49E /* LIVenuesRequest.swift in Sources */ = {isa = PBXBuildFile; fileRef = FB3FD7FC1E7784790004C49E /* LIVenuesRequest.swift */; };
		FB6AD9971E870CD600A3148E /* Pods_LI_Thirst.framework in Frameworks */ = {isa = PBXBuildFile; fileRef = FB6AD9961E870CD600A3148E /* Pods_LI_Thirst.framework */; };
		FB81B9CB1E835A67009CF259 /* LICustomMapTransforms.swift in Sources */ = {isa = PBXBuildFile; fileRef = FB81B9CA1E835A67009CF259 /* LICustomMapTransforms.swift */; };
		FB966F831E75BAE200842CB8 /* AppDelegate.swift in Sources */ = {isa = PBXBuildFile; fileRef = FB966F821E75BAE200842CB8 /* AppDelegate.swift */; };
		FB966F8D1E75BAE200842CB8 /* Assets.xcassets in Resources */ = {isa = PBXBuildFile; fileRef = FB966F8C1E75BAE200842CB8 /* Assets.xcassets */; };
		FB966F901E75BAE200842CB8 /* LaunchScreen.storyboard in Resources */ = {isa = PBXBuildFile; fileRef = FB966F8E1E75BAE200842CB8 /* LaunchScreen.storyboard */; };
		FB966FA61E75BAE200842CB8 /* LI_ThirstUITests.swift in Sources */ = {isa = PBXBuildFile; fileRef = FB966FA51E75BAE200842CB8 /* LI_ThirstUITests.swift */; };
		FBBC05A61E870946008B4C8C /* NSObjectSpec.swift in Sources */ = {isa = PBXBuildFile; fileRef = FB9C3A4B1E87031F00882902 /* NSObjectSpec.swift */; };
		FBE4709A1E8C6F490014E8C4 /* LIVenueFixture.swift in Sources */ = {isa = PBXBuildFile; fileRef = FBE470991E8C6F490014E8C4 /* LIVenueFixture.swift */; };
		FBE4709D1E8C73810014E8C4 /* LIVenue.json in Resources */ = {isa = PBXBuildFile; fileRef = FBE4709C1E8C73810014E8C4 /* LIVenue.json */; };
		FBE4709E1E8C73810014E8C4 /* LIVenue.json in Resources */ = {isa = PBXBuildFile; fileRef = FBE4709C1E8C73810014E8C4 /* LIVenue.json */; };
		FBE4709F1E8C73810014E8C4 /* LIVenue.json in Resources */ = {isa = PBXBuildFile; fileRef = FBE4709C1E8C73810014E8C4 /* LIVenue.json */; };
		FBE470A11E971C4A0014E8C4 /* LIVenueWebResponse.json in Resources */ = {isa = PBXBuildFile; fileRef = FBE470A01E971C4A0014E8C4 /* LIVenueWebResponse.json */; };
		FBE470A21E971E2A0014E8C4 /* LIVenueWebResponse.json in Resources */ = {isa = PBXBuildFile; fileRef = FBE470A01E971C4A0014E8C4 /* LIVenueWebResponse.json */; };
		FBF4BFA91E87186700D3E9B9 /* Quick.framework in Frameworks */ = {isa = PBXBuildFile; fileRef = FBF4BFA81E87186700D3E9B9 /* Quick.framework */; };
		FBF4BFAB1E8718B900D3E9B9 /* Nimble.framework in Frameworks */ = {isa = PBXBuildFile; fileRef = FBF4BFAA1E8718B900D3E9B9 /* Nimble.framework */; };
		FBF4BFAC1E871B8800D3E9B9 /* NSObject.swift in Sources */ = {isa = PBXBuildFile; fileRef = FB1515741E7F08EC0006C046 /* NSObject.swift */; };
		FBF4BFAE1E88195B00D3E9B9 /* LIVenueSpec.swift in Sources */ = {isa = PBXBuildFile; fileRef = FBF4BFAD1E88195B00D3E9B9 /* LIVenueSpec.swift */; };
		FBF4BFAF1E881BF500D3E9B9 /* LIVenue.swift in Sources */ = {isa = PBXBuildFile; fileRef = FB3FD7FA1E7780660004C49E /* LIVenue.swift */; };
		FBF4BFB11E881C4600D3E9B9 /* Info.plist in Resources */ = {isa = PBXBuildFile; fileRef = FBF4BFB01E881C4600D3E9B9 /* Info.plist */; };
		FBF4BFB21E881CD100D3E9B9 /* LICustomMapTransforms.swift in Sources */ = {isa = PBXBuildFile; fileRef = FB81B9CA1E835A67009CF259 /* LICustomMapTransforms.swift */; };
		FBF4BFB51E8828ED00D3E9B9 /* LIAPIRequestSpec.swift in Sources */ = {isa = PBXBuildFile; fileRef = FBF4BFB41E8828ED00D3E9B9 /* LIAPIRequestSpec.swift */; };
		FBF4BFB61E882B8F00D3E9B9 /* LIAPIRequest.swift in Sources */ = {isa = PBXBuildFile; fileRef = FB265AD21E78BF6A0056015B /* LIAPIRequest.swift */; };
		FBF4BFBB1E883C0100D3E9B9 /* LIVenuesRequest.swift in Sources */ = {isa = PBXBuildFile; fileRef = FB3FD7FC1E7784790004C49E /* LIVenuesRequest.swift */; };
		FBF4BFBC1E883C0100D3E9B9 /* LIVenue.swift in Sources */ = {isa = PBXBuildFile; fileRef = FB3FD7FA1E7780660004C49E /* LIVenue.swift */; };
		FBF4BFBD1E883C0100D3E9B9 /* LIMapViewController.swift in Sources */ = {isa = PBXBuildFile; fileRef = FB3FD7F41E777AD60004C49E /* LIMapViewController.swift */; };
		FBF4BFBE1E883C0100D3E9B9 /* NSObject.swift in Sources */ = {isa = PBXBuildFile; fileRef = FB1515741E7F08EC0006C046 /* NSObject.swift */; };
		FBF4BFBF1E883C0100D3E9B9 /* AppDelegate.swift in Sources */ = {isa = PBXBuildFile; fileRef = FB966F821E75BAE200842CB8 /* AppDelegate.swift */; };
		FBF4BFC01E883C0100D3E9B9 /* LIAPIRequest.swift in Sources */ = {isa = PBXBuildFile; fileRef = FB265AD21E78BF6A0056015B /* LIAPIRequest.swift */; };
		FBF4BFC11E883C0100D3E9B9 /* LICustomMapTransforms.swift in Sources */ = {isa = PBXBuildFile; fileRef = FB81B9CA1E835A67009CF259 /* LICustomMapTransforms.swift */; };
		FBF4BFC61E883C0100D3E9B9 /* LaunchScreen.storyboard in Resources */ = {isa = PBXBuildFile; fileRef = FB966F8E1E75BAE200842CB8 /* LaunchScreen.storyboard */; };
		FBF4BFC71E883C0100D3E9B9 /* LIMapViewController.xib in Resources */ = {isa = PBXBuildFile; fileRef = FB3FD7F51E777AD60004C49E /* LIMapViewController.xib */; };
		FBF4BFC81E883C0100D3E9B9 /* Assets.xcassets in Resources */ = {isa = PBXBuildFile; fileRef = FB966F8C1E75BAE200842CB8 /* Assets.xcassets */; };
/* End PBXBuildFile section */

/* Begin PBXContainerItemProxy section */
		FB4EED601E88410400F8A898 /* PBXContainerItemProxy */ = {
			isa = PBXContainerItemProxy;
			containerPortal = FB966F771E75BAE100842CB8 /* Project object */;
			proxyType = 1;
			remoteGlobalIDString = FBF4BFB81E883C0100D3E9B9;
			remoteInfo = "Testing App";
		};
		FB4EED621E88410700F8A898 /* PBXContainerItemProxy */ = {
			isa = PBXContainerItemProxy;
			containerPortal = FB966F771E75BAE100842CB8 /* Project object */;
			proxyType = 1;
			remoteGlobalIDString = FBF4BFB81E883C0100D3E9B9;
			remoteInfo = "Testing App";
		};
		FB966F971E75BAE200842CB8 /* PBXContainerItemProxy */ = {
			isa = PBXContainerItemProxy;
			containerPortal = FB966F771E75BAE100842CB8 /* Project object */;
			proxyType = 1;
			remoteGlobalIDString = FB966F7E1E75BAE100842CB8;
			remoteInfo = "LI Thirst";
		};
		FB966FA21E75BAE200842CB8 /* PBXContainerItemProxy */ = {
			isa = PBXContainerItemProxy;
			containerPortal = FB966F771E75BAE100842CB8 /* Project object */;
			proxyType = 1;
			remoteGlobalIDString = FB966F7E1E75BAE100842CB8;
			remoteInfo = "LI Thirst";
		};
/* End PBXContainerItemProxy section */

/* Begin PBXFileReference section */
		16D8EE737039431FB4655F1E /* Pods-LI Thirst.release.xcconfig */ = {isa = PBXFileReference; includeInIndex = 1; lastKnownFileType = text.xcconfig; name = "Pods-LI Thirst.release.xcconfig"; path = "Pods/Target Support Files/Pods-LI Thirst/Pods-LI Thirst.release.xcconfig"; sourceTree = "<group>"; };
		1A345CBB86EAC440800E347B /* Pods-Unit Tests.debug.xcconfig */ = {isa = PBXFileReference; includeInIndex = 1; lastKnownFileType = text.xcconfig; name = "Pods-Unit Tests.debug.xcconfig"; path = "Pods/Target Support Files/Pods-Unit Tests/Pods-Unit Tests.debug.xcconfig"; sourceTree = "<group>"; };
		3E8A401164C968968EA31C2A /* Pods-LI ThirstUITests.debug.xcconfig */ = {isa = PBXFileReference; includeInIndex = 1; lastKnownFileType = text.xcconfig; name = "Pods-LI ThirstUITests.debug.xcconfig"; path = "Pods/Target Support Files/Pods-LI ThirstUITests/Pods-LI ThirstUITests.debug.xcconfig"; sourceTree = "<group>"; };
		3F2887F33F92A3B1C4805E90 /* Pods_Unit_Tests.framework */ = {isa = PBXFileReference; explicitFileType = wrapper.framework; includeInIndex = 0; path = Pods_Unit_Tests.framework; sourceTree = BUILT_PRODUCTS_DIR; };
		429F4CEE502921358771612C /* Pods-LI Thirst.debug.xcconfig */ = {isa = PBXFileReference; includeInIndex = 1; lastKnownFileType = text.xcconfig; name = "Pods-LI Thirst.debug.xcconfig"; path = "Pods/Target Support Files/Pods-LI Thirst/Pods-LI Thirst.debug.xcconfig"; sourceTree = "<group>"; };
		42BB8A2A9DC255EEDB0C150F /* Pods_LI_Thirst.framework */ = {isa = PBXFileReference; explicitFileType = wrapper.framework; includeInIndex = 0; path = Pods_LI_Thirst.framework; sourceTree = BUILT_PRODUCTS_DIR; };
		5C8974A93D23CC5EC4410EAB /* Pods-LI ThirstTests.release.xcconfig */ = {isa = PBXFileReference; includeInIndex = 1; lastKnownFileType = text.xcconfig; name = "Pods-LI ThirstTests.release.xcconfig"; path = "Pods/Target Support Files/Pods-LI ThirstTests/Pods-LI ThirstTests.release.xcconfig"; sourceTree = "<group>"; };
		74A41044BA8AAB3FF8E67D66 /* Pods-Testing App.debug.xcconfig */ = {isa = PBXFileReference; includeInIndex = 1; lastKnownFileType = text.xcconfig; name = "Pods-Testing App.debug.xcconfig"; path = "Pods/Target Support Files/Pods-Testing App/Pods-Testing App.debug.xcconfig"; sourceTree = "<group>"; };
		756E5F91770F1CD3535A1F45 /* Pods-LI ThirstTests.debug.xcconfig */ = {isa = PBXFileReference; includeInIndex = 1; lastKnownFileType = text.xcconfig; name = "Pods-LI ThirstTests.debug.xcconfig"; path = "Pods/Target Support Files/Pods-LI ThirstTests/Pods-LI ThirstTests.debug.xcconfig"; sourceTree = "<group>"; };
		75DD89E3E19345E7D3AA44A5 /* Pods-UI Tests.debug.xcconfig */ = {isa = PBXFileReference; includeInIndex = 1; lastKnownFileType = text.xcconfig; name = "Pods-UI Tests.debug.xcconfig"; path = "Pods/Target Support Files/Pods-UI Tests/Pods-UI Tests.debug.xcconfig"; sourceTree = "<group>"; };
		7E9E214CCF7772801C136AA8 /* Pods-LI ThirstUITests.release.xcconfig */ = {isa = PBXFileReference; includeInIndex = 1; lastKnownFileType = text.xcconfig; name = "Pods-LI ThirstUITests.release.xcconfig"; path = "Pods/Target Support Files/Pods-LI ThirstUITests/Pods-LI ThirstUITests.release.xcconfig"; sourceTree = "<group>"; };
		BBD8FBA8A5EB270670298318 /* Pods-Unit Tests.release.xcconfig */ = {isa = PBXFileReference; includeInIndex = 1; lastKnownFileType = text.xcconfig; name = "Pods-Unit Tests.release.xcconfig"; path = "Pods/Target Support Files/Pods-Unit Tests/Pods-Unit Tests.release.xcconfig"; sourceTree = "<group>"; };
		CE6D7359A5B4C1A4500C7093 /* Pods_UI_Tests.framework */ = {isa = PBXFileReference; explicitFileType = wrapper.framework; includeInIndex = 0; path = Pods_UI_Tests.framework; sourceTree = BUILT_PRODUCTS_DIR; };
		D457A1FAB35588E9058D7921 /* Pods-Testing App.release.xcconfig */ = {isa = PBXFileReference; includeInIndex = 1; lastKnownFileType = text.xcconfig; name = "Pods-Testing App.release.xcconfig"; path = "Pods/Target Support Files/Pods-Testing App/Pods-Testing App.release.xcconfig"; sourceTree = "<group>"; };
		DB64DDEEF7EF0F3D611796B0 /* Pods-UI Tests.release.xcconfig */ = {isa = PBXFileReference; includeInIndex = 1; lastKnownFileType = text.xcconfig; name = "Pods-UI Tests.release.xcconfig"; path = "Pods/Target Support Files/Pods-UI Tests/Pods-UI Tests.release.xcconfig"; sourceTree = "<group>"; };
		F523021A7B13BEF4BE1D2017 /* Pods_Testing_App.framework */ = {isa = PBXFileReference; explicitFileType = wrapper.framework; includeInIndex = 0; path = Pods_Testing_App.framework; sourceTree = BUILT_PRODUCTS_DIR; };
		FB1515741E7F08EC0006C046 /* NSObject.swift */ = {isa = PBXFileReference; fileEncoding = 4; lastKnownFileType = sourcecode.swift; path = NSObject.swift; sourceTree = "<group>"; };
		FB265AD21E78BF6A0056015B /* LIAPIRequest.swift */ = {isa = PBXFileReference; fileEncoding = 4; indentWidth = 2; lastKnownFileType = sourcecode.swift; path = LIAPIRequest.swift; sourceTree = "<group>"; tabWidth = 2; };
		FB3FD7F41E777AD60004C49E /* LIMapViewController.swift */ = {isa = PBXFileReference; fileEncoding = 4; lastKnownFileType = sourcecode.swift; path = LIMapViewController.swift; sourceTree = "<group>"; };
		FB3FD7F51E777AD60004C49E /* LIMapViewController.xib */ = {isa = PBXFileReference; fileEncoding = 4; lastKnownFileType = file.xib; path = LIMapViewController.xib; sourceTree = "<group>"; };
		FB3FD7FA1E7780660004C49E /* LIVenue.swift */ = {isa = PBXFileReference; fileEncoding = 4; lastKnownFileType = sourcecode.swift; path = LIVenue.swift; sourceTree = "<group>"; };
		FB3FD7FC1E7784790004C49E /* LIVenuesRequest.swift */ = {isa = PBXFileReference; fileEncoding = 4; lastKnownFileType = sourcecode.swift; path = LIVenuesRequest.swift; sourceTree = "<group>"; };
		FB6AD9961E870CD600A3148E /* Pods_LI_Thirst.framework */ = {isa = PBXFileReference; lastKnownFileType = wrapper.framework; name = Pods_LI_Thirst.framework; path = "../../Library/Developer/Xcode/DerivedData/LI_Thirst-dxmiqpnksxhgmpcyloctfnlcdzfy/Build/Products/Debug-iphonesimulator/Pods_LI_Thirst.framework"; sourceTree = "<group>"; };
		FB6AD9991E87121400A3148E /* Quick.framework */ = {isa = PBXFileReference; lastKnownFileType = wrapper.framework; name = Quick.framework; path = "../../Library/Developer/Xcode/DerivedData/LI_Thirst-dxmiqpnksxhgmpcyloctfnlcdzfy/Build/Products/Debug-iphonesimulator/Quick-iOS9.0/Quick.framework"; sourceTree = "<group>"; };
		FB6AD99B1E87121E00A3148E /* Nimble.framework */ = {isa = PBXFileReference; lastKnownFileType = wrapper.framework; name = Nimble.framework; path = "../../Library/Developer/Xcode/DerivedData/LI_Thirst-dxmiqpnksxhgmpcyloctfnlcdzfy/Build/Products/Debug-iphonesimulator/Nimble-iOS9.0/Nimble.framework"; sourceTree = "<group>"; };
		FB81B9CA1E835A67009CF259 /* LICustomMapTransforms.swift */ = {isa = PBXFileReference; fileEncoding = 4; lastKnownFileType = sourcecode.swift; path = LICustomMapTransforms.swift; sourceTree = "<group>"; };
		FB966F7F1E75BAE200842CB8 /* LI Thirst.app */ = {isa = PBXFileReference; explicitFileType = wrapper.application; includeInIndex = 0; path = "LI Thirst.app"; sourceTree = BUILT_PRODUCTS_DIR; };
		FB966F821E75BAE200842CB8 /* AppDelegate.swift */ = {isa = PBXFileReference; lastKnownFileType = sourcecode.swift; path = AppDelegate.swift; sourceTree = "<group>"; };
		FB966F8C1E75BAE200842CB8 /* Assets.xcassets */ = {isa = PBXFileReference; lastKnownFileType = folder.assetcatalog; path = Assets.xcassets; sourceTree = "<group>"; };
		FB966F8F1E75BAE200842CB8 /* Base */ = {isa = PBXFileReference; lastKnownFileType = file.storyboard; name = Base; path = Base.lproj/LaunchScreen.storyboard; sourceTree = "<group>"; };
		FB966F911E75BAE200842CB8 /* Info.plist */ = {isa = PBXFileReference; lastKnownFileType = text.plist.xml; path = Info.plist; sourceTree = "<group>"; };
		FB966F961E75BAE200842CB8 /* Unit Tests.xctest */ = {isa = PBXFileReference; explicitFileType = wrapper.cfbundle; includeInIndex = 0; path = "Unit Tests.xctest"; sourceTree = BUILT_PRODUCTS_DIR; };
		FB966FA11E75BAE200842CB8 /* UI Tests.xctest */ = {isa = PBXFileReference; explicitFileType = wrapper.cfbundle; includeInIndex = 0; path = "UI Tests.xctest"; sourceTree = BUILT_PRODUCTS_DIR; };
		FB966FA51E75BAE200842CB8 /* LI_ThirstUITests.swift */ = {isa = PBXFileReference; lastKnownFileType = sourcecode.swift; path = LI_ThirstUITests.swift; sourceTree = "<group>"; };
		FB966FA71E75BAE200842CB8 /* Info.plist */ = {isa = PBXFileReference; lastKnownFileType = text.plist.xml; path = Info.plist; sourceTree = "<group>"; };
		FB9C3A4B1E87031F00882902 /* NSObjectSpec.swift */ = {isa = PBXFileReference; fileEncoding = 4; lastKnownFileType = sourcecode.swift; path = NSObjectSpec.swift; sourceTree = "<group>"; };
		FBE470991E8C6F490014E8C4 /* LIVenueFixture.swift */ = {isa = PBXFileReference; fileEncoding = 4; lastKnownFileType = sourcecode.swift; path = LIVenueFixture.swift; sourceTree = "<group>"; };
		FBE4709C1E8C73810014E8C4 /* LIVenue.json */ = {isa = PBXFileReference; fileEncoding = 4; lastKnownFileType = text.json; path = LIVenue.json; sourceTree = "<group>"; };
		FBE470A01E971C4A0014E8C4 /* LIVenueWebResponse.json */ = {isa = PBXFileReference; fileEncoding = 4; lastKnownFileType = text.json; path = LIVenueWebResponse.json; sourceTree = "<group>"; };
		FBF4BFA81E87186700D3E9B9 /* Quick.framework */ = {isa = PBXFileReference; lastKnownFileType = wrapper.framework; name = Quick.framework; path = "../../Library/Developer/Xcode/DerivedData/LI_Thirst-dxmiqpnksxhgmpcyloctfnlcdzfy/Build/Products/Debug-iphonesimulator/Quick/Quick.framework"; sourceTree = "<group>"; };
		FBF4BFAA1E8718B900D3E9B9 /* Nimble.framework */ = {isa = PBXFileReference; lastKnownFileType = wrapper.framework; name = Nimble.framework; path = "../../Library/Developer/Xcode/DerivedData/LI_Thirst-dxmiqpnksxhgmpcyloctfnlcdzfy/Build/Products/Debug-iphonesimulator/Nimble/Nimble.framework"; sourceTree = "<group>"; };
		FBF4BFAD1E88195B00D3E9B9 /* LIVenueSpec.swift */ = {isa = PBXFileReference; fileEncoding = 4; lastKnownFileType = sourcecode.swift; path = LIVenueSpec.swift; sourceTree = "<group>"; };
		FBF4BFB01E881C4600D3E9B9 /* Info.plist */ = {isa = PBXFileReference; fileEncoding = 4; lastKnownFileType = text.plist.xml; path = Info.plist; sourceTree = "<group>"; };
		FBF4BFB41E8828ED00D3E9B9 /* LIAPIRequestSpec.swift */ = {isa = PBXFileReference; fileEncoding = 4; lastKnownFileType = sourcecode.swift; path = LIAPIRequestSpec.swift; sourceTree = "<group>"; };
		FBF4BFCE1E883C0100D3E9B9 /* Testing App.app */ = {isa = PBXFileReference; explicitFileType = wrapper.application; includeInIndex = 0; path = "Testing App.app"; sourceTree = BUILT_PRODUCTS_DIR; };
		FBF4BFCF1E883C0100D3E9B9 /* Testing-App-Info.plist */ = {isa = PBXFileReference; lastKnownFileType = text.plist.xml; name = "Testing-App-Info.plist"; path = "/Users/NathanBeaumont/Desktop/LI Thirst/Testing-App-Info.plist"; sourceTree = "<absolute>"; };
/* End PBXFileReference section */

/* Begin PBXFrameworksBuildPhase section */
		FB966F7C1E75BAE100842CB8 /* Frameworks */ = {
			isa = PBXFrameworksBuildPhase;
			buildActionMask = 2147483647;
			files = (
				FB6AD9971E870CD600A3148E /* Pods_LI_Thirst.framework in Frameworks */,
				98BDEE8C571B7BE8657A3AB7 /* Pods_LI_Thirst.framework in Frameworks */,
			);
			runOnlyForDeploymentPostprocessing = 0;
		};
		FB966F931E75BAE200842CB8 /* Frameworks */ = {
			isa = PBXFrameworksBuildPhase;
			buildActionMask = 2147483647;
			files = (
				FBF4BFAB1E8718B900D3E9B9 /* Nimble.framework in Frameworks */,
				FBF4BFA91E87186700D3E9B9 /* Quick.framework in Frameworks */,
				07906407C61B2EC805DA7CD1 /* Pods_Unit_Tests.framework in Frameworks */,
			);
			runOnlyForDeploymentPostprocessing = 0;
		};
		FB966F9E1E75BAE200842CB8 /* Frameworks */ = {
			isa = PBXFrameworksBuildPhase;
			buildActionMask = 2147483647;
			files = (
				789E6418F1EF133C82986BB2 /* Pods_UI_Tests.framework in Frameworks */,
			);
			runOnlyForDeploymentPostprocessing = 0;
		};
		FBF4BFC21E883C0100D3E9B9 /* Frameworks */ = {
			isa = PBXFrameworksBuildPhase;
			buildActionMask = 2147483647;
			files = (
				063C6BBAAC82B4BC12B73CAF /* Pods_Testing_App.framework in Frameworks */,
			);
			runOnlyForDeploymentPostprocessing = 0;
		};
/* End PBXFrameworksBuildPhase section */

/* Begin PBXGroup section */
		AD26651D20AF40CFBD5D16AD /* Frameworks */ = {
			isa = PBXGroup;
			children = (
				FBF4BFAA1E8718B900D3E9B9 /* Nimble.framework */,
				FBF4BFA81E87186700D3E9B9 /* Quick.framework */,
				FB6AD99B1E87121E00A3148E /* Nimble.framework */,
				FB6AD9991E87121400A3148E /* Quick.framework */,
				FB6AD9961E870CD600A3148E /* Pods_LI_Thirst.framework */,
				42BB8A2A9DC255EEDB0C150F /* Pods_LI_Thirst.framework */,
				F523021A7B13BEF4BE1D2017 /* Pods_Testing_App.framework */,
				CE6D7359A5B4C1A4500C7093 /* Pods_UI_Tests.framework */,
				3F2887F33F92A3B1C4805E90 /* Pods_Unit_Tests.framework */,
			);
			name = Frameworks;
			sourceTree = "<group>";
		};
		CF534AC169F84C8A5D1350BF /* Pods */ = {
			isa = PBXGroup;
			children = (
				429F4CEE502921358771612C /* Pods-LI Thirst.debug.xcconfig */,
				16D8EE737039431FB4655F1E /* Pods-LI Thirst.release.xcconfig */,
				756E5F91770F1CD3535A1F45 /* Pods-LI ThirstTests.debug.xcconfig */,
				5C8974A93D23CC5EC4410EAB /* Pods-LI ThirstTests.release.xcconfig */,
				3E8A401164C968968EA31C2A /* Pods-LI ThirstUITests.debug.xcconfig */,
				7E9E214CCF7772801C136AA8 /* Pods-LI ThirstUITests.release.xcconfig */,
				75DD89E3E19345E7D3AA44A5 /* Pods-UI Tests.debug.xcconfig */,
				DB64DDEEF7EF0F3D611796B0 /* Pods-UI Tests.release.xcconfig */,
				1A345CBB86EAC440800E347B /* Pods-Unit Tests.debug.xcconfig */,
				BBD8FBA8A5EB270670298318 /* Pods-Unit Tests.release.xcconfig */,
				74A41044BA8AAB3FF8E67D66 /* Pods-Testing App.debug.xcconfig */,
				D457A1FAB35588E9058D7921 /* Pods-Testing App.release.xcconfig */,
			);
			name = Pods;
			sourceTree = "<group>";
		};
		FB1515721E7F080F0006C046 /* Extension */ = {
			isa = PBXGroup;
			children = (
				FB1515741E7F08EC0006C046 /* NSObject.swift */,
			);
			name = Extension;
			sourceTree = "<group>";
		};
		FB1515731E7F08280006C046 /* Resources */ = {
			isa = PBXGroup;
			children = (
				FB966F8C1E75BAE200842CB8 /* Assets.xcassets */,
			);
			name = Resources;
			sourceTree = "<group>";
		};
		FB3FD7F11E777A5D0004C49E /* View Controllers */ = {
			isa = PBXGroup;
			children = (
				FB3FD7F41E777AD60004C49E /* LIMapViewController.swift */,
			);
			name = "View Controllers";
			sourceTree = "<group>";
		};
		FB3FD7F21E777A6A0004C49E /* Nibs */ = {
			isa = PBXGroup;
			children = (
				FB3FD7F51E777AD60004C49E /* LIMapViewController.xib */,
				FB966F8E1E75BAE200842CB8 /* LaunchScreen.storyboard */,
			);
			name = Nibs;
			sourceTree = "<group>";
		};
		FB3FD7F81E777F160004C49E /* Models */ = {
			isa = PBXGroup;
			children = (
				FB81B9C91E835A40009CF259 /* Mapper Transforms */,
				FB3FD7FA1E7780660004C49E /* LIVenue.swift */,
			);
			name = Models;
			sourceTree = "<group>";
		};
		FB3FD7F91E7780010004C49E /* API Requests */ = {
			isa = PBXGroup;
			children = (
				FB265AD21E78BF6A0056015B /* LIAPIRequest.swift */,
				FB3FD7FC1E7784790004C49E /* LIVenuesRequest.swift */,
			);
			name = "API Requests";
			sourceTree = "<group>";
		};
		FB4EED5F1E883E5A00F8A898 /* Testing App */ = {
			isa = PBXGroup;
			children = (
				FBF4BFCF1E883C0100D3E9B9 /* Testing-App-Info.plist */,
			);
			name = "Testing App";
			sourceTree = "<group>";
		};
		FB81B9C91E835A40009CF259 /* Mapper Transforms */ = {
			isa = PBXGroup;
			children = (
				FB81B9CA1E835A67009CF259 /* LICustomMapTransforms.swift */,
			);
			name = "Mapper Transforms";
			sourceTree = "<group>";
		};
		FB966F761E75BAE100842CB8 = {
			isa = PBXGroup;
			children = (
				AD26651D20AF40CFBD5D16AD /* Frameworks */,
				FB966F811E75BAE200842CB8 /* LI Thirst */,
				CF534AC169F84C8A5D1350BF /* Pods */,
				FB966F801E75BAE200842CB8 /* Products */,
				FB4EED5F1E883E5A00F8A898 /* Testing App */,
				FB966FA41E75BAE200842CB8 /* UI Tests */,
				FB966F991E75BAE200842CB8 /* Unit Tests */,
			);
			sourceTree = "<group>";
		};
		FB966F801E75BAE200842CB8 /* Products */ = {
			isa = PBXGroup;
			children = (
				FB966F7F1E75BAE200842CB8 /* LI Thirst.app */,
				FB966F961E75BAE200842CB8 /* Unit Tests.xctest */,
				FB966FA11E75BAE200842CB8 /* UI Tests.xctest */,
				FBF4BFCE1E883C0100D3E9B9 /* Testing App.app */,
			);
			name = Products;
			sourceTree = "<group>";
		};
		FB966F811E75BAE200842CB8 /* LI Thirst */ = {
			isa = PBXGroup;
			children = (
				FB3FD7F91E7780010004C49E /* API Requests */,
				FB966F821E75BAE200842CB8 /* AppDelegate.swift */,
				FB1515721E7F080F0006C046 /* Extension */,
				FB3FD7F81E777F160004C49E /* Models */,
				FB3FD7F21E777A6A0004C49E /* Nibs */,
				FB1515731E7F08280006C046 /* Resources */,
				FBF4BFB71E883B2300D3E9B9 /* Support Files */,
				FB3FD7F11E777A5D0004C49E /* View Controllers */,
			);
			path = "LI Thirst";
			sourceTree = "<group>";
		};
		FB966F991E75BAE200842CB8 /* Unit Tests */ = {
			isa = PBXGroup;
			children = (
				FBF4BFB31E88275800D3E9B9 /* Tests */,
				FBF4BFB01E881C4600D3E9B9 /* Info.plist */,
			);
			name = "Unit Tests";
			path = "LI ThirstTests";
			sourceTree = "<group>";
		};
		FB966FA41E75BAE200842CB8 /* UI Tests */ = {
			isa = PBXGroup;
			children = (
				FB966FA51E75BAE200842CB8 /* LI_ThirstUITests.swift */,
				FB966FA71E75BAE200842CB8 /* Info.plist */,
			);
			name = "UI Tests";
			path = "LI ThirstUITests";
			sourceTree = "<group>";
		};
		FBE470981E8C6E880014E8C4 /* Fixtures */ = {
			isa = PBXGroup;
			children = (
				FBE4709B1E8C72780014E8C4 /* JSON Stubbings */,
				FBE470991E8C6F490014E8C4 /* LIVenueFixture.swift */,
			);
			name = Fixtures;
			sourceTree = "<group>";
		};
		FBE4709B1E8C72780014E8C4 /* JSON Stubbings */ = {
			isa = PBXGroup;
			children = (
				FBE470A01E971C4A0014E8C4 /* LIVenueWebResponse.json */,
				FBE4709C1E8C73810014E8C4 /* LIVenue.json */,
			);
			name = "JSON Stubbings";
			sourceTree = "<group>";
		};
		FBF4BFB31E88275800D3E9B9 /* Tests */ = {
			isa = PBXGroup;
			children = (
				FBF4BFAD1E88195B00D3E9B9 /* LIVenueSpec.swift */,
				FB9C3A4B1E87031F00882902 /* NSObjectSpec.swift */,
				FBF4BFB41E8828ED00D3E9B9 /* LIAPIRequestSpec.swift */,
			);
			name = Tests;
			sourceTree = "<group>";
		};
		FBF4BFB71E883B2300D3E9B9 /* Support Files */ = {
			isa = PBXGroup;
			children = (
				FBE470981E8C6E880014E8C4 /* Fixtures */,
				FB966F911E75BAE200842CB8 /* Info.plist */,
			);
			name = "Support Files";
			sourceTree = "<group>";
		};
/* End PBXGroup section */

/* Begin PBXNativeTarget section */
		FB966F7E1E75BAE100842CB8 /* LI Thirst */ = {
			isa = PBXNativeTarget;
			buildConfigurationList = FB966FAA1E75BAE200842CB8 /* Build configuration list for PBXNativeTarget "LI Thirst" */;
			buildPhases = (
				4B0E6528417DD5F52FDD8693 /* [CP] Check Pods Manifest.lock */,
				FB966F7B1E75BAE100842CB8 /* Sources */,
				FB966F7C1E75BAE100842CB8 /* Frameworks */,
				FB966F7D1E75BAE100842CB8 /* Resources */,
				41BD3E0227C22478010967C0 /* [CP] Embed Pods Frameworks */,
				5881BFA42A1C5DD233F2DDA4 /* [CP] Copy Pods Resources */,
			);
			buildRules = (
			);
			dependencies = (
			);
			name = "LI Thirst";
			productName = "LI Thirst";
			productReference = FB966F7F1E75BAE200842CB8 /* LI Thirst.app */;
			productType = "com.apple.product-type.application";
		};
		FB966F951E75BAE200842CB8 /* Unit Tests */ = {
			isa = PBXNativeTarget;
			buildConfigurationList = FB966FAD1E75BAE200842CB8 /* Build configuration list for PBXNativeTarget "Unit Tests" */;
			buildPhases = (
				5277860584ADC3B15B258E9C /* [CP] Check Pods Manifest.lock */,
				FB966F921E75BAE200842CB8 /* Sources */,
				FB966F931E75BAE200842CB8 /* Frameworks */,
				FB966F941E75BAE200842CB8 /* Resources */,
				D7C3BB1751F0CAB28B97883E /* [CP] Embed Pods Frameworks */,
				071095C2EA35ECACF6671591 /* [CP] Copy Pods Resources */,
			);
			buildRules = (
			);
			dependencies = (
				FB966F981E75BAE200842CB8 /* PBXTargetDependency */,
				FB4EED611E88410400F8A898 /* PBXTargetDependency */,
			);
			name = "Unit Tests";
			productName = "LI ThirstTests";
			productReference = FB966F961E75BAE200842CB8 /* Unit Tests.xctest */;
			productType = "com.apple.product-type.bundle.unit-test";
		};
		FB966FA01E75BAE200842CB8 /* UI Tests */ = {
			isa = PBXNativeTarget;
			buildConfigurationList = FB966FB01E75BAE200842CB8 /* Build configuration list for PBXNativeTarget "UI Tests" */;
			buildPhases = (
				F11ACB131F20A1B8DC72A065 /* [CP] Check Pods Manifest.lock */,
				FB966F9D1E75BAE200842CB8 /* Sources */,
				FB966F9E1E75BAE200842CB8 /* Frameworks */,
				FB966F9F1E75BAE200842CB8 /* Resources */,
				CC8E3AB3A55C75FF7F66C4F6 /* [CP] Embed Pods Frameworks */,
				03F4CFAA1E2EA85CC356EA97 /* [CP] Copy Pods Resources */,
			);
			buildRules = (
			);
			dependencies = (
				FB966FA31E75BAE200842CB8 /* PBXTargetDependency */,
				FB4EED631E88410700F8A898 /* PBXTargetDependency */,
			);
			name = "UI Tests";
			productName = "LI ThirstUITests";
			productReference = FB966FA11E75BAE200842CB8 /* UI Tests.xctest */;
			productType = "com.apple.product-type.bundle.ui-testing";
		};
		FBF4BFB81E883C0100D3E9B9 /* Testing App */ = {
			isa = PBXNativeTarget;
			buildConfigurationList = FBF4BFCB1E883C0100D3E9B9 /* Build configuration list for PBXNativeTarget "Testing App" */;
			buildPhases = (
				FBF4BFB91E883C0100D3E9B9 /* [CP] Check Pods Manifest.lock */,
				FBF4BFBA1E883C0100D3E9B9 /* Sources */,
				FBF4BFC21E883C0100D3E9B9 /* Frameworks */,
				FBF4BFC51E883C0100D3E9B9 /* Resources */,
				FBF4BFC91E883C0100D3E9B9 /* [CP] Embed Pods Frameworks */,
				FBF4BFCA1E883C0100D3E9B9 /* [CP] Copy Pods Resources */,
			);
			buildRules = (
			);
			dependencies = (
			);
			name = "Testing App";
			productName = "LI Thirst";
			productReference = FBF4BFCE1E883C0100D3E9B9 /* Testing App.app */;
			productType = "com.apple.product-type.application";
		};
/* End PBXNativeTarget section */

/* Begin PBXProject section */
		FB966F771E75BAE100842CB8 /* Project object */ = {
			isa = PBXProject;
			attributes = {
				CLASSPREFIX = LI;
				LastSwiftUpdateCheck = 0820;
				LastUpgradeCheck = 0820;
				ORGANIZATIONNAME = "LI Thirst";
				TargetAttributes = {
					FB966F7E1E75BAE100842CB8 = {
						CreatedOnToolsVersion = 8.2.1;
						DevelopmentTeam = 253P3RGEY8;
						ProvisioningStyle = Automatic;
					};
					FB966F951E75BAE200842CB8 = {
						CreatedOnToolsVersion = 8.2.1;
						ProvisioningStyle = Automatic;
						TestTargetID = FBF4BFB81E883C0100D3E9B9;
					};
					FB966FA01E75BAE200842CB8 = {
						CreatedOnToolsVersion = 8.2.1;
						ProvisioningStyle = Automatic;
						TestTargetID = FBF4BFB81E883C0100D3E9B9;
					};
					FBF4BFB81E883C0100D3E9B9 = {
						DevelopmentTeam = 253P3RGEY8;
					};
				};
			};
			buildConfigurationList = FB966F7A1E75BAE100842CB8 /* Build configuration list for PBXProject "LI Thirst" */;
			compatibilityVersion = "Xcode 3.2";
			developmentRegion = English;
			hasScannedForEncodings = 0;
			knownRegions = (
				en,
				Base,
			);
			mainGroup = FB966F761E75BAE100842CB8;
			productRefGroup = FB966F801E75BAE200842CB8 /* Products */;
			projectDirPath = "";
			projectRoot = "";
			targets = (
				FB966F7E1E75BAE100842CB8 /* LI Thirst */,
				FBF4BFB81E883C0100D3E9B9 /* Testing App */,
				FB966F951E75BAE200842CB8 /* Unit Tests */,
				FB966FA01E75BAE200842CB8 /* UI Tests */,
			);
		};
/* End PBXProject section */

/* Begin PBXResourcesBuildPhase section */
		FB966F7D1E75BAE100842CB8 /* Resources */ = {
			isa = PBXResourcesBuildPhase;
			buildActionMask = 2147483647;
			files = (
				FBE470A11E971C4A0014E8C4 /* LIVenueWebResponse.json in Resources */,
				FB966F901E75BAE200842CB8 /* LaunchScreen.storyboard in Resources */,
				FB3FD7F71E777AD60004C49E /* LIMapViewController.xib in Resources */,
				FB966F8D1E75BAE200842CB8 /* Assets.xcassets in Resources */,
			);
			runOnlyForDeploymentPostprocessing = 0;
		};
		FB966F941E75BAE200842CB8 /* Resources */ = {
			isa = PBXResourcesBuildPhase;
			buildActionMask = 2147483647;
			files = (
				FBE4709E1E8C73810014E8C4 /* LIVenue.json in Resources */,
				FBF4BFB11E881C4600D3E9B9 /* Info.plist in Resources */,
			);
			runOnlyForDeploymentPostprocessing = 0;
		};
		FB966F9F1E75BAE200842CB8 /* Resources */ = {
			isa = PBXResourcesBuildPhase;
			buildActionMask = 2147483647;
			files = (
				FBE4709F1E8C73810014E8C4 /* LIVenue.json in Resources */,
			);
			runOnlyForDeploymentPostprocessing = 0;
		};
		FBF4BFC51E883C0100D3E9B9 /* Resources */ = {
			isa = PBXResourcesBuildPhase;
			buildActionMask = 2147483647;
			files = (
				FBE470A21E971E2A0014E8C4 /* LIVenueWebResponse.json in Resources */,
				FBF4BFC61E883C0100D3E9B9 /* LaunchScreen.storyboard in Resources */,
				FBF4BFC71E883C0100D3E9B9 /* LIMapViewController.xib in Resources */,
				FBE4709D1E8C73810014E8C4 /* LIVenue.json in Resources */,
				FBF4BFC81E883C0100D3E9B9 /* Assets.xcassets in Resources */,
			);
			runOnlyForDeploymentPostprocessing = 0;
		};
/* End PBXResourcesBuildPhase section */

/* Begin PBXShellScriptBuildPhase section */
		03F4CFAA1E2EA85CC356EA97 /* [CP] Copy Pods Resources */ = {
			isa = PBXShellScriptBuildPhase;
			buildActionMask = 2147483647;
			files = (
			);
			inputPaths = (
			);
			name = "[CP] Copy Pods Resources";
			outputPaths = (
			);
			runOnlyForDeploymentPostprocessing = 0;
			shellPath = /bin/sh;
			shellScript = "\"${SRCROOT}/Pods/Target Support Files/Pods-UI Tests/Pods-UI Tests-resources.sh\"\n";
			showEnvVarsInLog = 0;
		};
		071095C2EA35ECACF6671591 /* [CP] Copy Pods Resources */ = {
			isa = PBXShellScriptBuildPhase;
			buildActionMask = 2147483647;
			files = (
			);
			inputPaths = (
			);
			name = "[CP] Copy Pods Resources";
			outputPaths = (
			);
			runOnlyForDeploymentPostprocessing = 0;
			shellPath = /bin/sh;
			shellScript = "\"${SRCROOT}/Pods/Target Support Files/Pods-Unit Tests/Pods-Unit Tests-resources.sh\"\n";
			showEnvVarsInLog = 0;
		};
		41BD3E0227C22478010967C0 /* [CP] Embed Pods Frameworks */ = {
			isa = PBXShellScriptBuildPhase;
			buildActionMask = 2147483647;
			files = (
			);
			inputPaths = (
			);
			name = "[CP] Embed Pods Frameworks";
			outputPaths = (
			);
			runOnlyForDeploymentPostprocessing = 0;
			shellPath = /bin/sh;
			shellScript = "\"${SRCROOT}/Pods/Target Support Files/Pods-LI Thirst/Pods-LI Thirst-frameworks.sh\"\n";
			showEnvVarsInLog = 0;
		};
		4B0E6528417DD5F52FDD8693 /* [CP] Check Pods Manifest.lock */ = {
			isa = PBXShellScriptBuildPhase;
			buildActionMask = 2147483647;
			files = (
			);
			inputPaths = (
			);
			name = "[CP] Check Pods Manifest.lock";
			outputPaths = (
			);
			runOnlyForDeploymentPostprocessing = 0;
			shellPath = /bin/sh;
			shellScript = "diff \"${PODS_ROOT}/../Podfile.lock\" \"${PODS_ROOT}/Manifest.lock\" > /dev/null\nif [ $? != 0 ] ; then\n    # print error to STDERR\n    echo \"error: The sandbox is not in sync with the Podfile.lock. Run 'pod install' or update your CocoaPods installation.\" >&2\n    exit 1\nfi\n";
			showEnvVarsInLog = 0;
		};
		5277860584ADC3B15B258E9C /* [CP] Check Pods Manifest.lock */ = {
			isa = PBXShellScriptBuildPhase;
			buildActionMask = 2147483647;
			files = (
			);
			inputPaths = (
			);
			name = "[CP] Check Pods Manifest.lock";
			outputPaths = (
			);
			runOnlyForDeploymentPostprocessing = 0;
			shellPath = /bin/sh;
			shellScript = "diff \"${PODS_ROOT}/../Podfile.lock\" \"${PODS_ROOT}/Manifest.lock\" > /dev/null\nif [ $? != 0 ] ; then\n    # print error to STDERR\n    echo \"error: The sandbox is not in sync with the Podfile.lock. Run 'pod install' or update your CocoaPods installation.\" >&2\n    exit 1\nfi\n";
			showEnvVarsInLog = 0;
		};
		5881BFA42A1C5DD233F2DDA4 /* [CP] Copy Pods Resources */ = {
			isa = PBXShellScriptBuildPhase;
			buildActionMask = 2147483647;
			files = (
			);
			inputPaths = (
			);
			name = "[CP] Copy Pods Resources";
			outputPaths = (
			);
			runOnlyForDeploymentPostprocessing = 0;
			shellPath = /bin/sh;
			shellScript = "\"${SRCROOT}/Pods/Target Support Files/Pods-LI Thirst/Pods-LI Thirst-resources.sh\"\n";
			showEnvVarsInLog = 0;
		};
		CC8E3AB3A55C75FF7F66C4F6 /* [CP] Embed Pods Frameworks */ = {
			isa = PBXShellScriptBuildPhase;
			buildActionMask = 2147483647;
			files = (
			);
			inputPaths = (
			);
			name = "[CP] Embed Pods Frameworks";
			outputPaths = (
			);
			runOnlyForDeploymentPostprocessing = 0;
			shellPath = /bin/sh;
			shellScript = "\"${SRCROOT}/Pods/Target Support Files/Pods-UI Tests/Pods-UI Tests-frameworks.sh\"\n";
			showEnvVarsInLog = 0;
		};
		D7C3BB1751F0CAB28B97883E /* [CP] Embed Pods Frameworks */ = {
			isa = PBXShellScriptBuildPhase;
			buildActionMask = 2147483647;
			files = (
			);
			inputPaths = (
			);
			name = "[CP] Embed Pods Frameworks";
			outputPaths = (
			);
			runOnlyForDeploymentPostprocessing = 0;
			shellPath = /bin/sh;
			shellScript = "\"${SRCROOT}/Pods/Target Support Files/Pods-Unit Tests/Pods-Unit Tests-frameworks.sh\"\n";
			showEnvVarsInLog = 0;
		};
		F11ACB131F20A1B8DC72A065 /* [CP] Check Pods Manifest.lock */ = {
			isa = PBXShellScriptBuildPhase;
			buildActionMask = 2147483647;
			files = (
			);
			inputPaths = (
			);
			name = "[CP] Check Pods Manifest.lock";
			outputPaths = (
			);
			runOnlyForDeploymentPostprocessing = 0;
			shellPath = /bin/sh;
			shellScript = "diff \"${PODS_ROOT}/../Podfile.lock\" \"${PODS_ROOT}/Manifest.lock\" > /dev/null\nif [ $? != 0 ] ; then\n    # print error to STDERR\n    echo \"error: The sandbox is not in sync with the Podfile.lock. Run 'pod install' or update your CocoaPods installation.\" >&2\n    exit 1\nfi\n";
			showEnvVarsInLog = 0;
		};
		FBF4BFB91E883C0100D3E9B9 /* [CP] Check Pods Manifest.lock */ = {
			isa = PBXShellScriptBuildPhase;
			buildActionMask = 2147483647;
			files = (
			);
			inputPaths = (
			);
			name = "[CP] Check Pods Manifest.lock";
			outputPaths = (
			);
			runOnlyForDeploymentPostprocessing = 0;
			shellPath = /bin/sh;
			shellScript = "diff \"${PODS_ROOT}/../Podfile.lock\" \"${PODS_ROOT}/Manifest.lock\" > /dev/null\nif [ $? != 0 ] ; then\n    # print error to STDERR\n    echo \"error: The sandbox is not in sync with the Podfile.lock. Run 'pod install' or update your CocoaPods installation.\" >&2\n    exit 1\nfi\n";
			showEnvVarsInLog = 0;
		};
		FBF4BFC91E883C0100D3E9B9 /* [CP] Embed Pods Frameworks */ = {
			isa = PBXShellScriptBuildPhase;
			buildActionMask = 2147483647;
			files = (
			);
			inputPaths = (
			);
			name = "[CP] Embed Pods Frameworks";
			outputPaths = (
			);
			runOnlyForDeploymentPostprocessing = 0;
			shellPath = /bin/sh;
			shellScript = "\"${SRCROOT}/Pods/Target Support Files/Pods-Testing App/Pods-Testing App-frameworks.sh\"\n";
			showEnvVarsInLog = 0;
		};
		FBF4BFCA1E883C0100D3E9B9 /* [CP] Copy Pods Resources */ = {
			isa = PBXShellScriptBuildPhase;
			buildActionMask = 2147483647;
			files = (
			);
			inputPaths = (
			);
			name = "[CP] Copy Pods Resources";
			outputPaths = (
			);
			runOnlyForDeploymentPostprocessing = 0;
			shellPath = /bin/sh;
			shellScript = "\"${SRCROOT}/Pods/Target Support Files/Pods-Testing App/Pods-Testing App-resources.sh\"\n";
			showEnvVarsInLog = 0;
		};
/* End PBXShellScriptBuildPhase section */

/* Begin PBXSourcesBuildPhase section */
		FB966F7B1E75BAE100842CB8 /* Sources */ = {
			isa = PBXSourcesBuildPhase;
			buildActionMask = 2147483647;
			files = (
				FB3FD7FD1E7784790004C49E /* LIVenuesRequest.swift in Sources */,
				FB3FD7FB1E7780660004C49E /* LIVenue.swift in Sources */,
				FB3FD7F61E777AD60004C49E /* LIMapViewController.swift in Sources */,
				FB1515751E7F08EC0006C046 /* NSObject.swift in Sources */,
				FB966F831E75BAE200842CB8 /* AppDelegate.swift in Sources */,
				FB265AD31E78BF6A0056015B /* LIAPIRequest.swift in Sources */,
				FB81B9CB1E835A67009CF259 /* LICustomMapTransforms.swift in Sources */,
			);
			runOnlyForDeploymentPostprocessing = 0;
		};
		FB966F921E75BAE200842CB8 /* Sources */ = {
			isa = PBXSourcesBuildPhase;
			buildActionMask = 2147483647;
			files = (
				FBF4BFB21E881CD100D3E9B9 /* LICustomMapTransforms.swift in Sources */,
				FBF4BFAF1E881BF500D3E9B9 /* LIVenue.swift in Sources */,
				FBF4BFB61E882B8F00D3E9B9 /* LIAPIRequest.swift in Sources */,
				FBF4BFB51E8828ED00D3E9B9 /* LIAPIRequestSpec.swift in Sources */,
				FBBC05A61E870946008B4C8C /* NSObjectSpec.swift in Sources */,
				FBF4BFAE1E88195B00D3E9B9 /* LIVenueSpec.swift in Sources */,
				FBF4BFAC1E871B8800D3E9B9 /* NSObject.swift in Sources */,
			);
			runOnlyForDeploymentPostprocessing = 0;
		};
		FB966F9D1E75BAE200842CB8 /* Sources */ = {
			isa = PBXSourcesBuildPhase;
			buildActionMask = 2147483647;
			files = (
				FB966FA61E75BAE200842CB8 /* LI_ThirstUITests.swift in Sources */,
			);
			runOnlyForDeploymentPostprocessing = 0;
		};
		FBF4BFBA1E883C0100D3E9B9 /* Sources */ = {
			isa = PBXSourcesBuildPhase;
			buildActionMask = 2147483647;
			files = (
				FBF4BFBB1E883C0100D3E9B9 /* LIVenuesRequest.swift in Sources */,
				FBF4BFBC1E883C0100D3E9B9 /* LIVenue.swift in Sources */,
				FBF4BFBD1E883C0100D3E9B9 /* LIMapViewController.swift in Sources */,
				FBF4BFBE1E883C0100D3E9B9 /* NSObject.swift in Sources */,
				FBF4BFBF1E883C0100D3E9B9 /* AppDelegate.swift in Sources */,
				FBF4BFC01E883C0100D3E9B9 /* LIAPIRequest.swift in Sources */,
				FBE4709A1E8C6F490014E8C4 /* LIVenueFixture.swift in Sources */,
				FBF4BFC11E883C0100D3E9B9 /* LICustomMapTransforms.swift in Sources */,
			);
			runOnlyForDeploymentPostprocessing = 0;
		};
/* End PBXSourcesBuildPhase section */

/* Begin PBXTargetDependency section */
		FB4EED611E88410400F8A898 /* PBXTargetDependency */ = {
			isa = PBXTargetDependency;
			target = FBF4BFB81E883C0100D3E9B9 /* Testing App */;
			targetProxy = FB4EED601E88410400F8A898 /* PBXContainerItemProxy */;
		};
		FB4EED631E88410700F8A898 /* PBXTargetDependency */ = {
			isa = PBXTargetDependency;
			target = FBF4BFB81E883C0100D3E9B9 /* Testing App */;
			targetProxy = FB4EED621E88410700F8A898 /* PBXContainerItemProxy */;
		};
		FB966F981E75BAE200842CB8 /* PBXTargetDependency */ = {
			isa = PBXTargetDependency;
			target = FB966F7E1E75BAE100842CB8 /* LI Thirst */;
			targetProxy = FB966F971E75BAE200842CB8 /* PBXContainerItemProxy */;
		};
		FB966FA31E75BAE200842CB8 /* PBXTargetDependency */ = {
			isa = PBXTargetDependency;
			target = FB966F7E1E75BAE100842CB8 /* LI Thirst */;
			targetProxy = FB966FA21E75BAE200842CB8 /* PBXContainerItemProxy */;
		};
/* End PBXTargetDependency section */

/* Begin PBXVariantGroup section */
		FB966F8E1E75BAE200842CB8 /* LaunchScreen.storyboard */ = {
			isa = PBXVariantGroup;
			children = (
				FB966F8F1E75BAE200842CB8 /* Base */,
			);
			name = LaunchScreen.storyboard;
			sourceTree = "<group>";
		};
/* End PBXVariantGroup section */

/* Begin XCBuildConfiguration section */
		FB966FA81E75BAE200842CB8 /* Debug */ = {
			isa = XCBuildConfiguration;
			buildSettings = {
				ALWAYS_SEARCH_USER_PATHS = NO;
				CLANG_ANALYZER_NONNULL = YES;
				CLANG_CXX_LANGUAGE_STANDARD = "gnu++0x";
				CLANG_CXX_LIBRARY = "libc++";
				CLANG_ENABLE_MODULES = YES;
				CLANG_ENABLE_OBJC_ARC = YES;
				CLANG_WARN_BOOL_CONVERSION = YES;
				CLANG_WARN_CONSTANT_CONVERSION = YES;
				CLANG_WARN_DIRECT_OBJC_ISA_USAGE = YES_ERROR;
				CLANG_WARN_DOCUMENTATION_COMMENTS = YES;
				CLANG_WARN_EMPTY_BODY = YES;
				CLANG_WARN_ENUM_CONVERSION = YES;
				CLANG_WARN_INFINITE_RECURSION = YES;
				CLANG_WARN_INT_CONVERSION = YES;
				CLANG_WARN_OBJC_ROOT_CLASS = YES_ERROR;
				CLANG_WARN_SUSPICIOUS_MOVE = YES;
				CLANG_WARN_UNREACHABLE_CODE = YES;
				CLANG_WARN__DUPLICATE_METHOD_MATCH = YES;
				"CODE_SIGN_IDENTITY[sdk=iphoneos*]" = "iPhone Developer";
				COPY_PHASE_STRIP = NO;
				DEBUG_INFORMATION_FORMAT = dwarf;
				ENABLE_STRICT_OBJC_MSGSEND = YES;
				ENABLE_TESTABILITY = YES;
				GCC_C_LANGUAGE_STANDARD = gnu99;
				GCC_DYNAMIC_NO_PIC = NO;
				GCC_NO_COMMON_BLOCKS = YES;
				GCC_OPTIMIZATION_LEVEL = 0;
				GCC_PREPROCESSOR_DEFINITIONS = (
					"DEBUG=1",
					"$(inherited)",
				);
				GCC_WARN_64_TO_32_BIT_CONVERSION = YES;
				GCC_WARN_ABOUT_RETURN_TYPE = YES_ERROR;
				GCC_WARN_UNDECLARED_SELECTOR = YES;
				GCC_WARN_UNINITIALIZED_AUTOS = YES_AGGRESSIVE;
				GCC_WARN_UNUSED_FUNCTION = YES;
				GCC_WARN_UNUSED_VARIABLE = YES;
				IPHONEOS_DEPLOYMENT_TARGET = 10.2;
				MTL_ENABLE_DEBUG_INFO = YES;
				ONLY_ACTIVE_ARCH = YES;
				SDKROOT = iphoneos;
				SWIFT_ACTIVE_COMPILATION_CONDITIONS = DEBUG;
				SWIFT_OPTIMIZATION_LEVEL = "-Onone";
			};
			name = Debug;
		};
		FB966FA91E75BAE200842CB8 /* Release */ = {
			isa = XCBuildConfiguration;
			buildSettings = {
				ALWAYS_SEARCH_USER_PATHS = NO;
				CLANG_ANALYZER_NONNULL = YES;
				CLANG_CXX_LANGUAGE_STANDARD = "gnu++0x";
				CLANG_CXX_LIBRARY = "libc++";
				CLANG_ENABLE_MODULES = YES;
				CLANG_ENABLE_OBJC_ARC = YES;
				CLANG_WARN_BOOL_CONVERSION = YES;
				CLANG_WARN_CONSTANT_CONVERSION = YES;
				CLANG_WARN_DIRECT_OBJC_ISA_USAGE = YES_ERROR;
				CLANG_WARN_DOCUMENTATION_COMMENTS = YES;
				CLANG_WARN_EMPTY_BODY = YES;
				CLANG_WARN_ENUM_CONVERSION = YES;
				CLANG_WARN_INFINITE_RECURSION = YES;
				CLANG_WARN_INT_CONVERSION = YES;
				CLANG_WARN_OBJC_ROOT_CLASS = YES_ERROR;
				CLANG_WARN_SUSPICIOUS_MOVE = YES;
				CLANG_WARN_UNREACHABLE_CODE = YES;
				CLANG_WARN__DUPLICATE_METHOD_MATCH = YES;
				"CODE_SIGN_IDENTITY[sdk=iphoneos*]" = "iPhone Developer";
				COPY_PHASE_STRIP = NO;
				DEBUG_INFORMATION_FORMAT = "dwarf-with-dsym";
				ENABLE_NS_ASSERTIONS = NO;
				ENABLE_STRICT_OBJC_MSGSEND = YES;
				GCC_C_LANGUAGE_STANDARD = gnu99;
				GCC_NO_COMMON_BLOCKS = YES;
				GCC_WARN_64_TO_32_BIT_CONVERSION = YES;
				GCC_WARN_ABOUT_RETURN_TYPE = YES_ERROR;
				GCC_WARN_UNDECLARED_SELECTOR = YES;
				GCC_WARN_UNINITIALIZED_AUTOS = YES_AGGRESSIVE;
				GCC_WARN_UNUSED_FUNCTION = YES;
				GCC_WARN_UNUSED_VARIABLE = YES;
				IPHONEOS_DEPLOYMENT_TARGET = 10.2;
				MTL_ENABLE_DEBUG_INFO = NO;
				SDKROOT = iphoneos;
				SWIFT_OPTIMIZATION_LEVEL = "-Owholemodule";
				VALIDATE_PRODUCT = YES;
			};
			name = Release;
		};
		FB966FAB1E75BAE200842CB8 /* Debug */ = {
			isa = XCBuildConfiguration;
			baseConfigurationReference = 429F4CEE502921358771612C /* Pods-LI Thirst.debug.xcconfig */;
			buildSettings = {
				ASSETCATALOG_COMPILER_APPICON_NAME = AppIcon;
				DEVELOPMENT_TEAM = 253P3RGEY8;
				INFOPLIST_FILE = "LI Thirst/Info.plist";
				IPHONEOS_DEPLOYMENT_TARGET = 9.0;
				LD_RUNPATH_SEARCH_PATHS = "$(inherited) @loader_path/Frameworks @executable_path/Frameworks $(PLATFORM_DIR)/Developer/Library/Frameworks ";
				PRODUCT_BUNDLE_IDENTIFIER = "LI-Thirst.LI-Thirst";
				PRODUCT_NAME = "$(TARGET_NAME)";
				SWIFT_VERSION = 3.0;
			};
			name = Debug;
		};
		FB966FAC1E75BAE200842CB8 /* Release */ = {
			isa = XCBuildConfiguration;
			baseConfigurationReference = 16D8EE737039431FB4655F1E /* Pods-LI Thirst.release.xcconfig */;
			buildSettings = {
				ASSETCATALOG_COMPILER_APPICON_NAME = AppIcon;
				DEVELOPMENT_TEAM = 253P3RGEY8;
				INFOPLIST_FILE = "LI Thirst/Info.plist";
				IPHONEOS_DEPLOYMENT_TARGET = 9.0;
				LD_RUNPATH_SEARCH_PATHS = "$(inherited) @loader_path/Frameworks @executable_path/Frameworks $(PLATFORM_DIR)/Developer/Library/Frameworks ";
				PRODUCT_BUNDLE_IDENTIFIER = "LI-Thirst.LI-Thirst";
				PRODUCT_NAME = "$(TARGET_NAME)";
				SWIFT_VERSION = 3.0;
			};
			name = Release;
		};
		FB966FAE1E75BAE200842CB8 /* Debug */ = {
			isa = XCBuildConfiguration;
			baseConfigurationReference = 1A345CBB86EAC440800E347B /* Pods-Unit Tests.debug.xcconfig */;
			buildSettings = {
				BUNDLE_LOADER = "$(TEST_HOST)";
				FRAMEWORK_SEARCH_PATHS = (
					"$(inherited)",
					"$(PROJECT_DIR)/build/Debug-iphoneos",
				);
				INFOPLIST_FILE = "LI ThirstTests/Info.plist";
				LD_RUNPATH_SEARCH_PATHS = "$(inherited) @executable_path/Frameworks @loader_path/Frameworks";
				PRODUCT_BUNDLE_IDENTIFIER = "LI-Thirst.LI-ThirstTests";
				PRODUCT_NAME = "$(TARGET_NAME)";
				SWIFT_VERSION = 3.0;
				TEST_HOST = "$(BUILT_PRODUCTS_DIR)/Testing App.app/Testing App";
			};
			name = Debug;
		};
		FB966FAF1E75BAE200842CB8 /* Release */ = {
			isa = XCBuildConfiguration;
			baseConfigurationReference = BBD8FBA8A5EB270670298318 /* Pods-Unit Tests.release.xcconfig */;
			buildSettings = {
				BUNDLE_LOADER = "$(TEST_HOST)";
				FRAMEWORK_SEARCH_PATHS = (
					"$(inherited)",
					"$(PROJECT_DIR)/build/Debug-iphoneos",
				);
				INFOPLIST_FILE = "LI ThirstTests/Info.plist";
				LD_RUNPATH_SEARCH_PATHS = "$(inherited) @executable_path/Frameworks @loader_path/Frameworks";
				PRODUCT_BUNDLE_IDENTIFIER = "LI-Thirst.LI-ThirstTests";
				PRODUCT_NAME = "$(TARGET_NAME)";
				SWIFT_VERSION = 3.0;
				TEST_HOST = "$(BUILT_PRODUCTS_DIR)/Testing App.app/Testing App";
			};
			name = Release;
		};
		FB966FB11E75BAE200842CB8 /* Debug */ = {
			isa = XCBuildConfiguration;
			baseConfigurationReference = 75DD89E3E19345E7D3AA44A5 /* Pods-UI Tests.debug.xcconfig */;
			buildSettings = {
				ALWAYS_EMBED_SWIFT_STANDARD_LIBRARIES = "$(inherited)";
				INFOPLIST_FILE = "LI ThirstUITests/Info.plist";
				LD_RUNPATH_SEARCH_PATHS = "$(inherited) @executable_path/Frameworks @loader_path/Frameworks";
				PRODUCT_BUNDLE_IDENTIFIER = "LI-Thirst.LI-ThirstUITests";
				PRODUCT_NAME = "$(TARGET_NAME)";
				SWIFT_VERSION = 3.0;
				TEST_TARGET_NAME = "Testing App";
			};
			name = Debug;
		};
		FB966FB21E75BAE200842CB8 /* Release */ = {
			isa = XCBuildConfiguration;
			baseConfigurationReference = DB64DDEEF7EF0F3D611796B0 /* Pods-UI Tests.release.xcconfig */;
			buildSettings = {
				ALWAYS_EMBED_SWIFT_STANDARD_LIBRARIES = "$(inherited)";
				INFOPLIST_FILE = "LI ThirstUITests/Info.plist";
				LD_RUNPATH_SEARCH_PATHS = "$(inherited) @executable_path/Frameworks @loader_path/Frameworks";
				PRODUCT_BUNDLE_IDENTIFIER = "LI-Thirst.LI-ThirstUITests";
				PRODUCT_NAME = "$(TARGET_NAME)";
				SWIFT_VERSION = 3.0;
				TEST_TARGET_NAME = "Testing App";
			};
			name = Release;
		};
		FBF4BFCC1E883C0100D3E9B9 /* Debug */ = {
			isa = XCBuildConfiguration;
			baseConfigurationReference = 74A41044BA8AAB3FF8E67D66 /* Pods-Testing App.debug.xcconfig */;
			buildSettings = {
				ASSETCATALOG_COMPILER_APPICON_NAME = AppIcon;
				DEVELOPMENT_TEAM = 253P3RGEY8;
				INFOPLIST_FILE = "Testing-App-Info.plist";
				IPHONEOS_DEPLOYMENT_TARGET = 9.0;
				LD_RUNPATH_SEARCH_PATHS = "$(inherited) @loader_path/Frameworks @executable_path/Frameworks $(PLATFORM_DIR)/Developer/Library/Frameworks ";
				OTHER_SWIFT_FLAGS = "$(inherited) \"-D\" \"COCOAPODS\" -DDEVELOPMENT";
				PRODUCT_BUNDLE_IDENTIFIER = "LI-Thirst.Testing-App";
				PRODUCT_NAME = "$(TARGET_NAME)";
				SWIFT_VERSION = 3.0;
			};
			name = Debug;
		};
		FBF4BFCD1E883C0100D3E9B9 /* Release */ = {
			isa = XCBuildConfiguration;
			baseConfigurationReference = D457A1FAB35588E9058D7921 /* Pods-Testing App.release.xcconfig */;
			buildSettings = {
				ASSETCATALOG_COMPILER_APPICON_NAME = AppIcon;
				DEVELOPMENT_TEAM = 253P3RGEY8;
				INFOPLIST_FILE = "Testing-App-Info.plist";
				IPHONEOS_DEPLOYMENT_TARGET = 9.0;
				LD_RUNPATH_SEARCH_PATHS = "$(inherited) @loader_path/Frameworks @executable_path/Frameworks $(PLATFORM_DIR)/Developer/Library/Frameworks ";
				OTHER_SWIFT_FLAGS = "$(inherited) \"-D\" \"COCOAPODS\" -DDEVELOPMENT";
				PRODUCT_BUNDLE_IDENTIFIER = "LI-Thirst.Testing-App";
				PRODUCT_NAME = "$(TARGET_NAME)";
				SWIFT_VERSION = 3.0;
			};
			name = Release;
		};
/* End XCBuildConfiguration section */

/* Begin XCConfigurationList section */
		FB966F7A1E75BAE100842CB8 /* Build configuration list for PBXProject "LI Thirst" */ = {
			isa = XCConfigurationList;
			buildConfigurations = (
				FB966FA81E75BAE200842CB8 /* Debug */,
				FB966FA91E75BAE200842CB8 /* Release */,
			);
			defaultConfigurationIsVisible = 0;
			defaultConfigurationName = Release;
		};
		FB966FAA1E75BAE200842CB8 /* Build configuration list for PBXNativeTarget "LI Thirst" */ = {
			isa = XCConfigurationList;
			buildConfigurations = (
				FB966FAB1E75BAE200842CB8 /* Debug */,
				FB966FAC1E75BAE200842CB8 /* Release */,
			);
			defaultConfigurationIsVisible = 0;
			defaultConfigurationName = Release;
		};
		FB966FAD1E75BAE200842CB8 /* Build configuration list for PBXNativeTarget "Unit Tests" */ = {
			isa = XCConfigurationList;
			buildConfigurations = (
				FB966FAE1E75BAE200842CB8 /* Debug */,
				FB966FAF1E75BAE200842CB8 /* Release */,
			);
			defaultConfigurationIsVisible = 0;
			defaultConfigurationName = Release;
		};
		FB966FB01E75BAE200842CB8 /* Build configuration list for PBXNativeTarget "UI Tests" */ = {
			isa = XCConfigurationList;
			buildConfigurations = (
				FB966FB11E75BAE200842CB8 /* Debug */,
				FB966FB21E75BAE200842CB8 /* Release */,
			);
			defaultConfigurationIsVisible = 0;
			defaultConfigurationName = Release;
		};
		FBF4BFCB1E883C0100D3E9B9 /* Build configuration list for PBXNativeTarget "Testing App" */ = {
			isa = XCConfigurationList;
			buildConfigurations = (
				FBF4BFCC1E883C0100D3E9B9 /* Debug */,
				FBF4BFCD1E883C0100D3E9B9 /* Release */,
			);
			defaultConfigurationIsVisible = 0;
			defaultConfigurationName = Release;
		};
/* End XCConfigurationList section */
	};
	rootObject = FB966F771E75BAE100842CB8 /* Project object */;
}
